
Microsoft Visual Studio Solution File, Format Version 12.00
Project("{FAE04EC0-301F-11D3-BF4B-00C04F79EFBC}") = "xpd", "src\xpd\xpd.csproj", "{1D552893-6590-4531-B27E-7B630F93D2DB}"
EndProject
Project("{FAE04EC0-301F-11D3-BF4B-00C04F79EFBC}") = "xpd.CommitLinter", "src\xpd.CommitLinter\xpd.CommitLinter.csproj", "{7904904F-5E39-493F-BFB9-43B5263C775F}"
EndProject
Project("{FAE04EC0-301F-11D3-BF4B-00C04F79EFBC}") = "xpd.CommitLinter.Tests", "tests\xpd.CommitLinter.Tests\xpd.CommitLinter.Tests.csproj", "{9546EA7F-CE6E-4813-A4F6-63021D2A4884}"
EndProject
Project("{2150E333-8FDC-42A3-9474-1A3956D46DE8}") = "Config", "Config", "{BDF74E47-E562-4E1B-A5C6-999BCCE9C3EC}"
	ProjectSection(SolutionItems) = preProject
		.gitignore = .gitignore
		Directory.Packages.props = Directory.Packages.props
		.husky\task-runner.json = .husky\task-runner.json
		Directory.Build.targets = Directory.Build.targets
		.editorconfig = .editorconfig
		config\commit-message-config.json = config\commit-message-config.json
	EndProjectSection
EndProject
Project("{2150E333-8FDC-42A3-9474-1A3956D46DE8}") = "Tests", "Tests", "{CFADD125-BADB-4967-B4B0-239EB248B9B1}"
EndProject
Project("{FAE04EC0-301F-11D3-BF4B-00C04F79EFBC}") = "xpd.tests", "tests\xpd.tests\xpd.tests.csproj", "{8B55C578-0E54-4429-995A-06A1E6017D2A}"
EndProject
Project("{FAE04EC0-301F-11D3-BF4B-00C04F79EFBC}") = "xpd.convention-tests", "tests\xpd.convention-tests\xpd.convention-tests.csproj", "{414537EE-FB3F-4406-8731-BDB70B5846F1}"
EndProject
Project("{FAE04EC0-301F-11D3-BF4B-00C04F79EFBC}") = "xpd.tests.utilities", "tests\xpd.tests.utilities\xpd.tests.utilities.csproj", "{DF094887-B7E1-427B-B0DF-E6BA81D185CA}"
EndProject
Global
	GlobalSection(SolutionConfigurationPlatforms) = preSolution
		Debug|Any CPU = Debug|Any CPU
		Release|Any CPU = Release|Any CPU
	EndGlobalSection
	GlobalSection(ProjectConfigurationPlatforms) = postSolution
		{1D552893-6590-4531-B27E-7B630F93D2DB}.Debug|Any CPU.ActiveCfg = Debug|Any CPU
		{1D552893-6590-4531-B27E-7B630F93D2DB}.Debug|Any CPU.Build.0 = Debug|Any CPU
		{1D552893-6590-4531-B27E-7B630F93D2DB}.Release|Any CPU.ActiveCfg = Release|Any CPU
		{1D552893-6590-4531-B27E-7B630F93D2DB}.Release|Any CPU.Build.0 = Release|Any CPU
		{7904904F-5E39-493F-BFB9-43B5263C775F}.Debug|Any CPU.ActiveCfg = Debug|Any CPU
		{7904904F-5E39-493F-BFB9-43B5263C775F}.Debug|Any CPU.Build.0 = Debug|Any CPU
		{7904904F-5E39-493F-BFB9-43B5263C775F}.Release|Any CPU.ActiveCfg = Release|Any CPU
		{7904904F-5E39-493F-BFB9-43B5263C775F}.Release|Any CPU.Build.0 = Release|Any CPU
		{9546EA7F-CE6E-4813-A4F6-63021D2A4884}.Debug|Any CPU.ActiveCfg = Debug|Any CPU
		{9546EA7F-CE6E-4813-A4F6-63021D2A4884}.Debug|Any CPU.Build.0 = Debug|Any CPU
		{9546EA7F-CE6E-4813-A4F6-63021D2A4884}.Release|Any CPU.ActiveCfg = Release|Any CPU
		{9546EA7F-CE6E-4813-A4F6-63021D2A4884}.Release|Any CPU.Build.0 = Release|Any CPU
		{8B55C578-0E54-4429-995A-06A1E6017D2A}.Debug|Any CPU.ActiveCfg = Debug|Any CPU
		{8B55C578-0E54-4429-995A-06A1E6017D2A}.Debug|Any CPU.Build.0 = Debug|Any CPU
		{8B55C578-0E54-4429-995A-06A1E6017D2A}.Release|Any CPU.ActiveCfg = Release|Any CPU
		{8B55C578-0E54-4429-995A-06A1E6017D2A}.Release|Any CPU.Build.0 = Release|Any CPU
		{414537EE-FB3F-4406-8731-BDB70B5846F1}.Debug|Any CPU.ActiveCfg = Debug|Any CPU
		{414537EE-FB3F-4406-8731-BDB70B5846F1}.Debug|Any CPU.Build.0 = Debug|Any CPU
		{414537EE-FB3F-4406-8731-BDB70B5846F1}.Release|Any CPU.ActiveCfg = Release|Any CPU
		{414537EE-FB3F-4406-8731-BDB70B5846F1}.Release|Any CPU.Build.0 = Release|Any CPU
		{DF094887-B7E1-427B-B0DF-E6BA81D185CA}.Debug|Any CPU.ActiveCfg = Debug|Any CPU
		{DF094887-B7E1-427B-B0DF-E6BA81D185CA}.Debug|Any CPU.Build.0 = Debug|Any CPU
		{DF094887-B7E1-427B-B0DF-E6BA81D185CA}.Release|Any CPU.ActiveCfg = Release|Any CPU
		{DF094887-B7E1-427B-B0DF-E6BA81D185CA}.Release|Any CPU.Build.0 = Release|Any CPU
	EndGlobalSection
	GlobalSection(NestedProjects) = preSolution
		{9546EA7F-CE6E-4813-A4F6-63021D2A4884} = {CFADD125-BADB-4967-B4B0-239EB248B9B1}
		{8B55C578-0E54-4429-995A-06A1E6017D2A} = {CFADD125-BADB-4967-B4B0-239EB248B9B1}
		{414537EE-FB3F-4406-8731-BDB70B5846F1} = {CFADD125-BADB-4967-B4B0-239EB248B9B1}
		{DF094887-B7E1-427B-B0DF-E6BA81D185CA} = {CFADD125-BADB-4967-B4B0-239EB248B9B1}
	EndGlobalSection
EndGlobal
